
Microsoft Visual Studio Solution File, Format Version 12.00
# Visual Studio Version 17
VisualStudioVersion = 17.11.35208.52
MinimumVisualStudioVersion = 10.0.40219.1
Project("{FAE04EC0-301F-11D3-BF4B-00C04F79EFBC}") = "Clinic_WebApp", "Clinic_WebApp\Clinic_WebApp.csproj", "{5DB343C9-5518-480B-87F5-D222B6A59E7A}"
EndProject
Global
	GlobalSection(SolutionConfigurationPlatforms) = preSolution
		Debug|Any CPU = Debug|Any CPU
		Release|Any CPU = Release|Any CPU
	EndGlobalSection
	GlobalSection(ProjectConfigurationPlatforms) = postSolution
		{5DB343C9-5518-480B-87F5-D222B6A59E7A}.Debug|Any CPU.ActiveCfg = Debug|Any CPU
		{5DB343C9-5518-480B-87F5-D222B6A59E7A}.Debug|Any CPU.Build.0 = Debug|Any CPU
		{5DB343C9-5518-480B-87F5-D222B6A59E7A}.Release|Any CPU.ActiveCfg = Release|Any CPU
		{5DB343C9-5518-480B-87F5-D222B6A59E7A}.Release|Any CPU.Build.0 = Release|Any CPU
	EndGlobalSection
	GlobalSection(SolutionProperties) = preSolution
		HideSolutionNode = FALSE
	EndGlobalSection
	GlobalSection(ExtensibilityGlobals) = postSolution
		SolutionGuid = {A013958C-94F9-4A4E-9701-EA36B437D2CA}
	EndGlobalSection
EndGlobal
